
Microsoft Visual Studio Solution File, Format Version 12.00
# Visual Studio Version 17
VisualStudioVersion = 17.7.34202.233
MinimumVisualStudioVersion = 10.0.40219.1
Project("{FAE04EC0-301F-11D3-BF4B-00C04F79EFBC}") = "myapp", "myapp\myapp.csproj", "{B2B13C8B-25BD-4219-A8FB-072364B8C64A}"
EndProject
Global
	GlobalSection(SolutionConfigurationPlatforms) = preSolution
		Debug|Any CPU = Debug|Any CPU
		Release|Any CPU = Release|Any CPU
	EndGlobalSection
	GlobalSection(ProjectConfigurationPlatforms) = postSolution
		{B2B13C8B-25BD-4219-A8FB-072364B8C64A}.Debug|Any CPU.ActiveCfg = Debug|Any CPU
		{B2B13C8B-25BD-4219-A8FB-072364B8C64A}.Debug|Any CPU.Build.0 = Debug|Any CPU
		{B2B13C8B-25BD-4219-A8FB-072364B8C64A}.Release|Any CPU.ActiveCfg = Release|Any CPU
		{B2B13C8B-25BD-4219-A8FB-072364B8C64A}.Release|Any CPU.Build.0 = Release|Any CPU
	EndGlobalSection
	GlobalSection(SolutionProperties) = preSolution
		HideSolutionNode = FALSE
	EndGlobalSection
	GlobalSection(ExtensibilityGlobals) = postSolution
		SolutionGuid = {AA9F6FCF-C238-46E9-A369-4B0D87068F30}
	EndGlobalSection
EndGlobal
